// !$*UTF8*$!
{
	archiveVersion = 1;
	classes = {
	};
	objectVersion = 77;
	objects = {

/* Begin PBXBuildFile section */
		4651298E2CED39EB00BAC4BF /* Documentation.docc in Sources */ = {isa = PBXBuildFile; fileRef = 4651298D2CED39EB00BAC4BF /* Documentation.docc */; };
/* End PBXBuildFile section */

/* Begin PBXContainerItemProxy section */
		465129A02CED3BE200BAC4BF /* PBXContainerItemProxy */ = {
			isa = PBXContainerItemProxy;
			containerPortal = 466BA37A2CC542DC00770B0D /* Project object */;
			proxyType = 1;
			remoteGlobalIDString = 466BA3812CC542DC00770B0D;
			remoteInfo = VisioFace;
		};
		465129AD2CED3C0100BAC4BF /* PBXContainerItemProxy */ = {
			isa = PBXContainerItemProxy;
			containerPortal = 466BA37A2CC542DC00770B0D /* Project object */;
			proxyType = 1;
			remoteGlobalIDString = 466BA3812CC542DC00770B0D;
			remoteInfo = VisioFace;
		};
/* End PBXContainerItemProxy section */

/* Begin PBXFileReference section */
		4651298D2CED39EB00BAC4BF /* Documentation.docc */ = {isa = PBXFileReference; lastKnownFileType = folder.documentationcatalog; path = Documentation.docc; sourceTree = "<group>"; };
		4651299A2CED3BE200BAC4BF /* VisioFaceUITests.xctest */ = {isa = PBXFileReference; explicitFileType = wrapper.cfbundle; includeInIndex = 0; path = VisioFaceUITests.xctest; sourceTree = BUILT_PRODUCTS_DIR; };
		465129A92CED3C0100BAC4BF /* VisioFaceUnitTests.xctest */ = {isa = PBXFileReference; explicitFileType = wrapper.cfbundle; includeInIndex = 0; path = VisioFaceUnitTests.xctest; sourceTree = BUILT_PRODUCTS_DIR; };
		466BA3822CC542DC00770B0D /* VisioFace.app */ = {isa = PBXFileReference; explicitFileType = wrapper.application; includeInIndex = 0; path = VisioFace.app; sourceTree = BUILT_PRODUCTS_DIR; };
/* End PBXFileReference section */

/* Begin PBXFileSystemSynchronizedBuildFileExceptionSet section */
		466BA3942CC542DD00770B0D /* Exceptions for "FaceDetectionTestApp" folder in "VisioFace" target */ = {
			isa = PBXFileSystemSynchronizedBuildFileExceptionSet;
			membershipExceptions = (
				Info.plist,
			);
			target = 466BA3812CC542DC00770B0D /* VisioFace */;
		};
/* End PBXFileSystemSynchronizedBuildFileExceptionSet section */

/* Begin PBXFileSystemSynchronizedRootGroup section */
		4651299B2CED3BE200BAC4BF /* VisioFaceUITests */ = {
			isa = PBXFileSystemSynchronizedRootGroup;
			path = VisioFaceUITests;
			sourceTree = "<group>";
		};
		465129AA2CED3C0100BAC4BF /* VisioFaceUnitTests */ = {
			isa = PBXFileSystemSynchronizedRootGroup;
			path = VisioFaceUnitTests;
			sourceTree = "<group>";
		};
		466BA3842CC542DC00770B0D /* FaceDetectionTestApp */ = {
			isa = PBXFileSystemSynchronizedRootGroup;
			exceptions = (
				466BA3942CC542DD00770B0D /* Exceptions for "FaceDetectionTestApp" folder in "VisioFace" target */,
			);
			path = FaceDetectionTestApp;
			sourceTree = "<group>";
		};
/* End PBXFileSystemSynchronizedRootGroup section */

/* Begin PBXFrameworksBuildPhase section */
		465129972CED3BE200BAC4BF /* Frameworks */ = {
			isa = PBXFrameworksBuildPhase;
			buildActionMask = 2147483647;
			files = (
			);
			runOnlyForDeploymentPostprocessing = 0;
		};
		465129A62CED3C0100BAC4BF /* Frameworks */ = {
			isa = PBXFrameworksBuildPhase;
			buildActionMask = 2147483647;
			files = (
			);
			runOnlyForDeploymentPostprocessing = 0;
		};
		466BA37F2CC542DC00770B0D /* Frameworks */ = {
			isa = PBXFrameworksBuildPhase;
			buildActionMask = 2147483647;
			files = (
			);
			runOnlyForDeploymentPostprocessing = 0;
		};
/* End PBXFrameworksBuildPhase section */

/* Begin PBXGroup section */
		466BA3792CC542DC00770B0D = {
			isa = PBXGroup;
			children = (
				4651298D2CED39EB00BAC4BF /* Documentation.docc */,
				466BA3842CC542DC00770B0D /* FaceDetectionTestApp */,
				4651299B2CED3BE200BAC4BF /* VisioFaceUITests */,
				465129AA2CED3C0100BAC4BF /* VisioFaceUnitTests */,
				466BA3832CC542DC00770B0D /* Products */,
			);
			sourceTree = "<group>";
		};
		466BA3832CC542DC00770B0D /* Products */ = {
			isa = PBXGroup;
			children = (
				466BA3822CC542DC00770B0D /* VisioFace.app */,
				4651299A2CED3BE200BAC4BF /* VisioFaceUITests.xctest */,
				465129A92CED3C0100BAC4BF /* VisioFaceUnitTests.xctest */,
			);
			name = Products;
			sourceTree = "<group>";
		};
/* End PBXGroup section */

/* Begin PBXNativeTarget section */
		465129992CED3BE200BAC4BF /* VisioFaceUITests */ = {
			isa = PBXNativeTarget;
			buildConfigurationList = 465129A22CED3BE200BAC4BF /* Build configuration list for PBXNativeTarget "VisioFaceUITests" */;
			buildPhases = (
				465129962CED3BE200BAC4BF /* Sources */,
				465129972CED3BE200BAC4BF /* Frameworks */,
				465129982CED3BE200BAC4BF /* Resources */,
			);
			buildRules = (
			);
			dependencies = (
				465129A12CED3BE200BAC4BF /* PBXTargetDependency */,
			);
			fileSystemSynchronizedGroups = (
				4651299B2CED3BE200BAC4BF /* VisioFaceUITests */,
			);
			name = VisioFaceUITests;
			packageProductDependencies = (
			);
			productName = VisioFaceUITests;
			productReference = 4651299A2CED3BE200BAC4BF /* VisioFaceUITests.xctest */;
			productType = "com.apple.product-type.bundle.ui-testing";
		};
		465129A82CED3C0100BAC4BF /* VisioFaceUnitTests */ = {
			isa = PBXNativeTarget;
			buildConfigurationList = 465129AF2CED3C0100BAC4BF /* Build configuration list for PBXNativeTarget "VisioFaceUnitTests" */;
			buildPhases = (
				465129A52CED3C0100BAC4BF /* Sources */,
				465129A62CED3C0100BAC4BF /* Frameworks */,
				465129A72CED3C0100BAC4BF /* Resources */,
			);
			buildRules = (
			);
			dependencies = (
				465129AE2CED3C0100BAC4BF /* PBXTargetDependency */,
			);
			fileSystemSynchronizedGroups = (
				465129AA2CED3C0100BAC4BF /* VisioFaceUnitTests */,
			);
			name = VisioFaceUnitTests;
			packageProductDependencies = (
			);
			productName = VisioFaceUnitTests;
			productReference = 465129A92CED3C0100BAC4BF /* VisioFaceUnitTests.xctest */;
			productType = "com.apple.product-type.bundle.unit-test";
		};
		466BA3812CC542DC00770B0D /* VisioFace */ = {
			isa = PBXNativeTarget;
			buildConfigurationList = 466BA3952CC542DD00770B0D /* Build configuration list for PBXNativeTarget "VisioFace" */;
			buildPhases = (
				466BA37E2CC542DC00770B0D /* Sources */,
				466BA37F2CC542DC00770B0D /* Frameworks */,
				466BA3802CC542DC00770B0D /* Resources */,
			);
			buildRules = (
			);
			dependencies = (
			);
			fileSystemSynchronizedGroups = (
				466BA3842CC542DC00770B0D /* FaceDetectionTestApp */,
			);
			name = VisioFace;
			packageProductDependencies = (
			);
			productName = FaceDetectionTestApp;
			productReference = 466BA3822CC542DC00770B0D /* VisioFace.app */;
			productType = "com.apple.product-type.application";
		};
/* End PBXNativeTarget section */

/* Begin PBXProject section */
		466BA37A2CC542DC00770B0D /* Project object */ = {
			isa = PBXProject;
			attributes = {
				BuildIndependentTargetsInParallel = 1;
				LastSwiftUpdateCheck = 1600;
				LastUpgradeCheck = 1600;
				TargetAttributes = {
					465129992CED3BE200BAC4BF = {
						CreatedOnToolsVersion = 16.0;
						TestTargetID = 466BA3812CC542DC00770B0D;
					};
					465129A82CED3C0100BAC4BF = {
						CreatedOnToolsVersion = 16.0;
						TestTargetID = 466BA3812CC542DC00770B0D;
					};
					466BA3812CC542DC00770B0D = {
						CreatedOnToolsVersion = 16.0;
					};
				};
			};
			buildConfigurationList = 466BA37D2CC542DC00770B0D /* Build configuration list for PBXProject "VisioFace" */;
			developmentRegion = en;
			hasScannedForEncodings = 0;
			knownRegions = (
				en,
				Base,
			);
			mainGroup = 466BA3792CC542DC00770B0D;
			minimizedProjectReferenceProxies = 1;
			preferredProjectObjectVersion = 77;
			productRefGroup = 466BA3832CC542DC00770B0D /* Products */;
			projectDirPath = "";
			projectRoot = "";
			targets = (
				466BA3812CC542DC00770B0D /* VisioFace */,
				465129992CED3BE200BAC4BF /* VisioFaceUITests */,
				465129A82CED3C0100BAC4BF /* VisioFaceUnitTests */,
			);
		};
/* End PBXProject section */

/* Begin PBXResourcesBuildPhase section */
		465129982CED3BE200BAC4BF /* Resources */ = {
			isa = PBXResourcesBuildPhase;
			buildActionMask = 2147483647;
			files = (
			);
			runOnlyForDeploymentPostprocessing = 0;
		};
		465129A72CED3C0100BAC4BF /* Resources */ = {
			isa = PBXResourcesBuildPhase;
			buildActionMask = 2147483647;
			files = (
			);
			runOnlyForDeploymentPostprocessing = 0;
		};
		466BA3802CC542DC00770B0D /* Resources */ = {
			isa = PBXResourcesBuildPhase;
			buildActionMask = 2147483647;
			files = (
			);
			runOnlyForDeploymentPostprocessing = 0;
		};
/* End PBXResourcesBuildPhase section */

/* Begin PBXSourcesBuildPhase section */
		465129962CED3BE200BAC4BF /* Sources */ = {
			isa = PBXSourcesBuildPhase;
			buildActionMask = 2147483647;
			files = (
			);
			runOnlyForDeploymentPostprocessing = 0;
		};
		465129A52CED3C0100BAC4BF /* Sources */ = {
			isa = PBXSourcesBuildPhase;
			buildActionMask = 2147483647;
			files = (
			);
			runOnlyForDeploymentPostprocessing = 0;
		};
		466BA37E2CC542DC00770B0D /* Sources */ = {
			isa = PBXSourcesBuildPhase;
			buildActionMask = 2147483647;
			files = (
				4651298E2CED39EB00BAC4BF /* Documentation.docc in Sources */,
			);
			runOnlyForDeploymentPostprocessing = 0;
		};
/* End PBXSourcesBuildPhase section */

/* Begin PBXTargetDependency section */
		465129A12CED3BE200BAC4BF /* PBXTargetDependency */ = {
			isa = PBXTargetDependency;
			target = 466BA3812CC542DC00770B0D /* VisioFace */;
			targetProxy = 465129A02CED3BE200BAC4BF /* PBXContainerItemProxy */;
		};
		465129AE2CED3C0100BAC4BF /* PBXTargetDependency */ = {
			isa = PBXTargetDependency;
			target = 466BA3812CC542DC00770B0D /* VisioFace */;
			targetProxy = 465129AD2CED3C0100BAC4BF /* PBXContainerItemProxy */;
		};
/* End PBXTargetDependency section */

/* Begin XCBuildConfiguration section */
		465129A32CED3BE200BAC4BF /* Debug */ = {
			isa = XCBuildConfiguration;
			buildSettings = {
				CODE_SIGN_STYLE = Automatic;
				CURRENT_PROJECT_VERSION = 1;
				DEVELOPMENT_TEAM = 73AGDSA9QN;
				GENERATE_INFOPLIST_FILE = YES;
				MARKETING_VERSION = 1.0;
				PRODUCT_BUNDLE_IDENTIFIER = com.ChebuTeam.VisioFaceUITests;
				PRODUCT_NAME = "$(TARGET_NAME)";
				SWIFT_EMIT_LOC_STRINGS = NO;
				SWIFT_VERSION = 5.0;
				TARGETED_DEVICE_FAMILY = "1,2";
				TEST_TARGET_NAME = VisioFace;
			};
			name = Debug;
		};
		465129A42CED3BE200BAC4BF /* Release */ = {
			isa = XCBuildConfiguration;
			buildSettings = {
				CODE_SIGN_STYLE = Automatic;
				CURRENT_PROJECT_VERSION = 1;
				DEVELOPMENT_TEAM = 73AGDSA9QN;
				GENERATE_INFOPLIST_FILE = YES;
				MARKETING_VERSION = 1.0;
				PRODUCT_BUNDLE_IDENTIFIER = com.ChebuTeam.VisioFaceUITests;
				PRODUCT_NAME = "$(TARGET_NAME)";
				SWIFT_EMIT_LOC_STRINGS = NO;
				SWIFT_VERSION = 5.0;
				TARGETED_DEVICE_FAMILY = "1,2";
				TEST_TARGET_NAME = VisioFace;
			};
			name = Release;
		};
		465129B02CED3C0100BAC4BF /* Debug */ = {
			isa = XCBuildConfiguration;
			buildSettings = {
				BUNDLE_LOADER = "$(TEST_HOST)";
				CODE_SIGN_STYLE = Automatic;
				CURRENT_PROJECT_VERSION = 1;
				DEVELOPMENT_TEAM = 73AGDSA9QN;
				GENERATE_INFOPLIST_FILE = YES;
				MARKETING_VERSION = 1.0;
				PRODUCT_BUNDLE_IDENTIFIER = com.ChebuTeam.VisioFaceUnitTests;
				PRODUCT_NAME = "$(TARGET_NAME)";
				SWIFT_EMIT_LOC_STRINGS = NO;
				SWIFT_VERSION = 5.0;
				TARGETED_DEVICE_FAMILY = "1,2";
				TEST_HOST = "$(BUILT_PRODUCTS_DIR)/VisioFace.app/$(BUNDLE_EXECUTABLE_FOLDER_PATH)/VisioFace";
			};
			name = Debug;
		};
		465129B12CED3C0100BAC4BF /* Release */ = {
			isa = XCBuildConfiguration;
			buildSettings = {
				BUNDLE_LOADER = "$(TEST_HOST)";
				CODE_SIGN_STYLE = Automatic;
				CURRENT_PROJECT_VERSION = 1;
				DEVELOPMENT_TEAM = 73AGDSA9QN;
				GENERATE_INFOPLIST_FILE = YES;
				MARKETING_VERSION = 1.0;
				PRODUCT_BUNDLE_IDENTIFIER = com.ChebuTeam.VisioFaceUnitTests;
				PRODUCT_NAME = "$(TARGET_NAME)";
				SWIFT_EMIT_LOC_STRINGS = NO;
				SWIFT_VERSION = 5.0;
				TARGETED_DEVICE_FAMILY = "1,2";
				TEST_HOST = "$(BUILT_PRODUCTS_DIR)/VisioFace.app/$(BUNDLE_EXECUTABLE_FOLDER_PATH)/VisioFace";
			};
			name = Release;
		};
		466BA3962CC542DD00770B0D /* Debug */ = {
			isa = XCBuildConfiguration;
			buildSettings = {
				ASSETCATALOG_COMPILER_APPICON_NAME = AppIcon;
				ASSETCATALOG_COMPILER_GLOBAL_ACCENT_COLOR_NAME = AccentColor;
				CODE_SIGN_STYLE = Automatic;
				CURRENT_PROJECT_VERSION = 1;
				DEVELOPMENT_TEAM = 73AGDSA9QN;
				GENERATE_INFOPLIST_FILE = YES;
				INFOPLIST_FILE = FaceDetectionTestApp/Info.plist;
				INFOPLIST_KEY_NSCameraUsageDescription = "for face recognizing";
				INFOPLIST_KEY_NSMicrophoneUsageDescription = "for video recording";
				INFOPLIST_KEY_UIApplicationSupportsIndirectInputEvents = YES;
				INFOPLIST_KEY_UILaunchStoryboardName = LaunchScreen;
				INFOPLIST_KEY_UIMainStoryboardFile = Main;
				INFOPLIST_KEY_UISupportedInterfaceOrientations_iPad = "UIInterfaceOrientationPortrait UIInterfaceOrientationPortraitUpsideDown UIInterfaceOrientationLandscapeLeft UIInterfaceOrientationLandscapeRight";
				INFOPLIST_KEY_UISupportedInterfaceOrientations_iPhone = "UIInterfaceOrientationPortrait UIInterfaceOrientationLandscapeLeft UIInterfaceOrientationLandscapeRight";
				IPHONEOS_DEPLOYMENT_TARGET = 16.0;
				LD_RUNPATH_SEARCH_PATHS = (
					"$(inherited)",
					"@executable_path/Frameworks",
				);
				MARKETING_VERSION = 1.0;
				PRODUCT_BUNDLE_IDENTIFIER = com.ChebuTeam.FaceDetectionTestApp;
				PRODUCT_NAME = "$(TARGET_NAME)";
				SWIFT_EMIT_LOC_STRINGS = YES;
				SWIFT_VERSION = 5.0;
				TARGETED_DEVICE_FAMILY = "1,2";
			};
			name = Debug;
		};
		466BA3972CC542DD00770B0D /* Release */ = {
			isa = XCBuildConfiguration;
			buildSettings = {
				ASSETCATALOG_COMPILER_APPICON_NAME = AppIcon;
				ASSETCATALOG_COMPILER_GLOBAL_ACCENT_COLOR_NAME = AccentColor;
				CODE_SIGN_STYLE = Automatic;
				CURRENT_PROJECT_VERSION = 1;
				DEVELOPMENT_TEAM = 73AGDSA9QN;
				GENERATE_INFOPLIST_FILE = YES;
				INFOPLIST_FILE = FaceDetectionTestApp/Info.plist;
				INFOPLIST_KEY_NSCameraUsageDescription = "for face recognizing";
				INFOPLIST_KEY_NSMicrophoneUsageDescription = "for video recording";
				INFOPLIST_KEY_UIApplicationSupportsIndirectInputEvents = YES;
				INFOPLIST_KEY_UILaunchStoryboardName = LaunchScreen;
				INFOPLIST_KEY_UIMainStoryboardFile = Main;
				INFOPLIST_KEY_UISupportedInterfaceOrientations_iPad = "UIInterfaceOrientationPortrait UIInterfaceOrientationPortraitUpsideDown UIInterfaceOrientationLandscapeLeft UIInterfaceOrientationLandscapeRight";
				INFOPLIST_KEY_UISupportedInterfaceOrientations_iPhone = "UIInterfaceOrientationPortrait UIInterfaceOrientationLandscapeLeft UIInterfaceOrientationLandscapeRight";
				IPHONEOS_DEPLOYMENT_TARGET = 16.0;
				LD_RUNPATH_SEARCH_PATHS = (
					"$(inherited)",
					"@executable_path/Frameworks",
				);
				MARKETING_VERSION = 1.0;
				PRODUCT_BUNDLE_IDENTIFIER = com.ChebuTeam.FaceDetectionTestApp;
				PRODUCT_NAME = "$(TARGET_NAME)";
				SWIFT_EMIT_LOC_STRINGS = YES;
				SWIFT_VERSION = 5.0;
				TARGETED_DEVICE_FAMILY = "1,2";
			};
			name = Release;
		};
		466BA3982CC542DD00770B0D /* Debug */ = {
			isa = XCBuildConfiguration;
			buildSettings = {
				ALWAYS_SEARCH_USER_PATHS = NO;
				ASSETCATALOG_COMPILER_GENERATE_SWIFT_ASSET_SYMBOL_EXTENSIONS = YES;
				CLANG_ANALYZER_NONNULL = YES;
				CLANG_ANALYZER_NUMBER_OBJECT_CONVERSION = YES_AGGRESSIVE;
				CLANG_CXX_LANGUAGE_STANDARD = "gnu++20";
				CLANG_ENABLE_MODULES = YES;
				CLANG_ENABLE_OBJC_ARC = YES;
				CLANG_ENABLE_OBJC_WEAK = YES;
				CLANG_WARN_BLOCK_CAPTURE_AUTORELEASING = YES;
				CLANG_WARN_BOOL_CONVERSION = YES;
				CLANG_WARN_COMMA = YES;
				CLANG_WARN_CONSTANT_CONVERSION = YES;
				CLANG_WARN_DEPRECATED_OBJC_IMPLEMENTATIONS = YES;
				CLANG_WARN_DIRECT_OBJC_ISA_USAGE = YES_ERROR;
				CLANG_WARN_DOCUMENTATION_COMMENTS = YES;
				CLANG_WARN_EMPTY_BODY = YES;
				CLANG_WARN_ENUM_CONVERSION = YES;
				CLANG_WARN_INFINITE_RECURSION = YES;
				CLANG_WARN_INT_CONVERSION = YES;
				CLANG_WARN_NON_LITERAL_NULL_CONVERSION = YES;
				CLANG_WARN_OBJC_IMPLICIT_RETAIN_SELF = YES;
				CLANG_WARN_OBJC_LITERAL_CONVERSION = YES;
				CLANG_WARN_OBJC_ROOT_CLASS = YES_ERROR;
				CLANG_WARN_QUOTED_INCLUDE_IN_FRAMEWORK_HEADER = YES;
				CLANG_WARN_RANGE_LOOP_ANALYSIS = YES;
				CLANG_WARN_STRICT_PROTOTYPES = YES;
				CLANG_WARN_SUSPICIOUS_MOVE = YES;
				CLANG_WARN_UNGUARDED_AVAILABILITY = YES_AGGRESSIVE;
				CLANG_WARN_UNREACHABLE_CODE = YES;
				CLANG_WARN__DUPLICATE_METHOD_MATCH = YES;
				COPY_PHASE_STRIP = NO;
				DEBUG_INFORMATION_FORMAT = dwarf;
				ENABLE_STRICT_OBJC_MSGSEND = YES;
				ENABLE_TESTABILITY = YES;
				ENABLE_USER_SCRIPT_SANDBOXING = YES;
				GCC_C_LANGUAGE_STANDARD = gnu17;
				GCC_DYNAMIC_NO_PIC = NO;
				GCC_NO_COMMON_BLOCKS = YES;
				GCC_OPTIMIZATION_LEVEL = 0;
				GCC_PREPROCESSOR_DEFINITIONS = (
					"DEBUG=1",
					"$(inherited)",
				);
				GCC_WARN_64_TO_32_BIT_CONVERSION = YES;
				GCC_WARN_ABOUT_RETURN_TYPE = YES_ERROR;
				GCC_WARN_UNDECLARED_SELECTOR = YES;
				GCC_WARN_UNINITIALIZED_AUTOS = YES_AGGRESSIVE;
				GCC_WARN_UNUSED_FUNCTION = YES;
				GCC_WARN_UNUSED_VARIABLE = YES;
				IPHONEOS_DEPLOYMENT_TARGET = 18.0;
				LOCALIZATION_PREFERS_STRING_CATALOGS = YES;
				MTL_ENABLE_DEBUG_INFO = INCLUDE_SOURCE;
				MTL_FAST_MATH = YES;
				ONLY_ACTIVE_ARCH = YES;
				SDKROOT = iphoneos;
				SWIFT_ACTIVE_COMPILATION_CONDITIONS = "DEBUG $(inherited)";
				SWIFT_OPTIMIZATION_LEVEL = "-Onone";
			};
			name = Debug;
		};
		466BA3992CC542DD00770B0D /* Release */ = {
			isa = XCBuildConfiguration;
			buildSettings = {
				ALWAYS_SEARCH_USER_PATHS = NO;
				ASSETCATALOG_COMPILER_GENERATE_SWIFT_ASSET_SYMBOL_EXTENSIONS = YES;
				CLANG_ANALYZER_NONNULL = YES;
				CLANG_ANALYZER_NUMBER_OBJECT_CONVERSION = YES_AGGRESSIVE;
				CLANG_CXX_LANGUAGE_STANDARD = "gnu++20";
				CLANG_ENABLE_MODULES = YES;
				CLANG_ENABLE_OBJC_ARC = YES;
				CLANG_ENABLE_OBJC_WEAK = YES;
				CLANG_WARN_BLOCK_CAPTURE_AUTORELEASING = YES;
				CLANG_WARN_BOOL_CONVERSION = YES;
				CLANG_WARN_COMMA = YES;
				CLANG_WARN_CONSTANT_CONVERSION = YES;
				CLANG_WARN_DEPRECATED_OBJC_IMPLEMENTATIONS = YES;
				CLANG_WARN_DIRECT_OBJC_ISA_USAGE = YES_ERROR;
				CLANG_WARN_DOCUMENTATION_COMMENTS = YES;
				CLANG_WARN_EMPTY_BODY = YES;
				CLANG_WARN_ENUM_CONVERSION = YES;
				CLANG_WARN_INFINITE_RECURSION = YES;
				CLANG_WARN_INT_CONVERSION = YES;
				CLANG_WARN_NON_LITERAL_NULL_CONVERSION = YES;
				CLANG_WARN_OBJC_IMPLICIT_RETAIN_SELF = YES;
				CLANG_WARN_OBJC_LITERAL_CONVERSION = YES;
				CLANG_WARN_OBJC_ROOT_CLASS = YES_ERROR;
				CLANG_WARN_QUOTED_INCLUDE_IN_FRAMEWORK_HEADER = YES;
				CLANG_WARN_RANGE_LOOP_ANALYSIS = YES;
				CLANG_WARN_STRICT_PROTOTYPES = YES;
				CLANG_WARN_SUSPICIOUS_MOVE = YES;
				CLANG_WARN_UNGUARDED_AVAILABILITY = YES_AGGRESSIVE;
				CLANG_WARN_UNREACHABLE_CODE = YES;
				CLANG_WARN__DUPLICATE_METHOD_MATCH = YES;
				COPY_PHASE_STRIP = NO;
				DEBUG_INFORMATION_FORMAT = "dwarf-with-dsym";
				ENABLE_NS_ASSERTIONS = NO;
				ENABLE_STRICT_OBJC_MSGSEND = YES;
				ENABLE_USER_SCRIPT_SANDBOXING = YES;
				GCC_C_LANGUAGE_STANDARD = gnu17;
				GCC_NO_COMMON_BLOCKS = YES;
				GCC_WARN_64_TO_32_BIT_CONVERSION = YES;
				GCC_WARN_ABOUT_RETURN_TYPE = YES_ERROR;
				GCC_WARN_UNDECLARED_SELECTOR = YES;
				GCC_WARN_UNINITIALIZED_AUTOS = YES_AGGRESSIVE;
				GCC_WARN_UNUSED_FUNCTION = YES;
				GCC_WARN_UNUSED_VARIABLE = YES;
				IPHONEOS_DEPLOYMENT_TARGET = 18.0;
				LOCALIZATION_PREFERS_STRING_CATALOGS = YES;
				MTL_ENABLE_DEBUG_INFO = NO;
				MTL_FAST_MATH = YES;
				SDKROOT = iphoneos;
				SWIFT_COMPILATION_MODE = wholemodule;
				VALIDATE_PRODUCT = YES;
			};
			name = Release;
		};
/* End XCBuildConfiguration section */

/* Begin XCConfigurationList section */
		465129A22CED3BE200BAC4BF /* Build configuration list for PBXNativeTarget "VisioFaceUITests" */ = {
			isa = XCConfigurationList;
			buildConfigurations = (
				465129A32CED3BE200BAC4BF /* Debug */,
				465129A42CED3BE200BAC4BF /* Release */,
			);
			defaultConfigurationIsVisible = 0;
			defaultConfigurationName = Release;
		};
		465129AF2CED3C0100BAC4BF /* Build configuration list for PBXNativeTarget "VisioFaceUnitTests" */ = {
			isa = XCConfigurationList;
			buildConfigurations = (
				465129B02CED3C0100BAC4BF /* Debug */,
				465129B12CED3C0100BAC4BF /* Release */,
			);
			defaultConfigurationIsVisible = 0;
			defaultConfigurationName = Release;
		};
		466BA37D2CC542DC00770B0D /* Build configuration list for PBXProject "VisioFace" */ = {
			isa = XCConfigurationList;
			buildConfigurations = (
				466BA3982CC542DD00770B0D /* Debug */,
				466BA3992CC542DD00770B0D /* Release */,
			);
			defaultConfigurationIsVisible = 0;
			defaultConfigurationName = Release;
		};
		466BA3952CC542DD00770B0D /* Build configuration list for PBXNativeTarget "VisioFace" */ = {
			isa = XCConfigurationList;
			buildConfigurations = (
				466BA3962CC542DD00770B0D /* Debug */,
				466BA3972CC542DD00770B0D /* Release */,
			);
			defaultConfigurationIsVisible = 0;
			defaultConfigurationName = Release;
		};
/* End XCConfigurationList section */
	};
	rootObject = 466BA37A2CC542DC00770B0D /* Project object */;
}
